
Microsoft Visual Studio Solution File, Format Version 12.00
# Visual Studio Version 16
VisualStudioVersion = 16.0.29409.12
MinimumVisualStudioVersion = 10.0.40219.1
Project("{9A19103F-16F7-4668-BE54-9A1E7A4F7556}") = "Compiler", "Lexer\Compiler.csproj", "{77B616E9-086F-4E42-B4E8-32BB07A9E176}"
EndProject
Global
	GlobalSection(SolutionConfigurationPlatforms) = preSolution
		Debug|Any CPU = Debug|Any CPU
		Release|Any CPU = Release|Any CPU
	EndGlobalSection
	GlobalSection(ProjectConfigurationPlatforms) = postSolution
		{77B616E9-086F-4E42-B4E8-32BB07A9E176}.Debug|Any CPU.ActiveCfg = Debug|Any CPU
		{77B616E9-086F-4E42-B4E8-32BB07A9E176}.Debug|Any CPU.Build.0 = Debug|Any CPU
		{77B616E9-086F-4E42-B4E8-32BB07A9E176}.Release|Any CPU.ActiveCfg = Release|Any CPU
		{77B616E9-086F-4E42-B4E8-32BB07A9E176}.Release|Any CPU.Build.0 = Release|Any CPU
	EndGlobalSection
	GlobalSection(SolutionProperties) = preSolution
		HideSolutionNode = FALSE
	EndGlobalSection
	GlobalSection(ExtensibilityGlobals) = postSolution
		SolutionGuid = {B283A1B4-EE02-4DB4-ABE6-33828C9356F0}
	EndGlobalSection
EndGlobal
